
Microsoft Visual Studio Solution File, Format Version 12.00
# Visual Studio Version 16
VisualStudioVersion = 16.0.29806.167
MinimumVisualStudioVersion = 10.0.40219.1
Project("{8BC9CEB8-8B4A-11D0-8D11-00A0C91BC942}") = "Lab8", "Lab8\Lab8.vcxproj", "{A7A1E98A-B472-46E0-8DFC-F96681922A07}"
EndProject
Project("{FAE04EC0-301F-11D3-BF4B-00C04F79EFBC}") = "Lab8_CS", "Lab8_CS\Lab8_CS.csproj", "{6D14968A-BD8E-43B1-BD1F-0C5B27ACA270}"
EndProject
Global
	GlobalSection(SolutionConfigurationPlatforms) = preSolution
		Debug|Any CPU = Debug|Any CPU
		Debug|x64 = Debug|x64
		Debug|x86 = Debug|x86
		Release|Any CPU = Release|Any CPU
		Release|x64 = Release|x64
		Release|x86 = Release|x86
	EndGlobalSection
	GlobalSection(ProjectConfigurationPlatforms) = postSolution
		{A7A1E98A-B472-46E0-8DFC-F96681922A07}.Debug|Any CPU.ActiveCfg = Debug|Win32
		{A7A1E98A-B472-46E0-8DFC-F96681922A07}.Debug|x64.ActiveCfg = Debug|x64
		{A7A1E98A-B472-46E0-8DFC-F96681922A07}.Debug|x64.Build.0 = Debug|x64
		{A7A1E98A-B472-46E0-8DFC-F96681922A07}.Debug|x86.ActiveCfg = Debug|Win32
		{A7A1E98A-B472-46E0-8DFC-F96681922A07}.Debug|x86.Build.0 = Debug|Win32
		{A7A1E98A-B472-46E0-8DFC-F96681922A07}.Release|Any CPU.ActiveCfg = Release|Win32
		{A7A1E98A-B472-46E0-8DFC-F96681922A07}.Release|x64.ActiveCfg = Release|x64
		{A7A1E98A-B472-46E0-8DFC-F96681922A07}.Release|x64.Build.0 = Release|x64
		{A7A1E98A-B472-46E0-8DFC-F96681922A07}.Release|x86.ActiveCfg = Release|Win32
		{A7A1E98A-B472-46E0-8DFC-F96681922A07}.Release|x86.Build.0 = Release|Win32
		{6D14968A-BD8E-43B1-BD1F-0C5B27ACA270}.Debug|Any CPU.ActiveCfg = Debug|Any CPU
		{6D14968A-BD8E-43B1-BD1F-0C5B27ACA270}.Debug|Any CPU.Build.0 = Debug|Any CPU
		{6D14968A-BD8E-43B1-BD1F-0C5B27ACA270}.Debug|x64.ActiveCfg = Debug|Any CPU
		{6D14968A-BD8E-43B1-BD1F-0C5B27ACA270}.Debug|x64.Build.0 = Debug|Any CPU
		{6D14968A-BD8E-43B1-BD1F-0C5B27ACA270}.Debug|x86.ActiveCfg = Debug|Any CPU
		{6D14968A-BD8E-43B1-BD1F-0C5B27ACA270}.Debug|x86.Build.0 = Debug|Any CPU
		{6D14968A-BD8E-43B1-BD1F-0C5B27ACA270}.Release|Any CPU.ActiveCfg = Release|Any CPU
		{6D14968A-BD8E-43B1-BD1F-0C5B27ACA270}.Release|Any CPU.Build.0 = Release|Any CPU
		{6D14968A-BD8E-43B1-BD1F-0C5B27ACA270}.Release|x64.ActiveCfg = Release|Any CPU
		{6D14968A-BD8E-43B1-BD1F-0C5B27ACA270}.Release|x64.Build.0 = Release|Any CPU
		{6D14968A-BD8E-43B1-BD1F-0C5B27ACA270}.Release|x86.ActiveCfg = Release|Any CPU
		{6D14968A-BD8E-43B1-BD1F-0C5B27ACA270}.Release|x86.Build.0 = Release|Any CPU
	EndGlobalSection
	GlobalSection(SolutionProperties) = preSolution
		HideSolutionNode = FALSE
	EndGlobalSection
	GlobalSection(ExtensibilityGlobals) = postSolution
		SolutionGuid = {5C3DF00D-A59C-4CFB-86AB-2CC63F5397D6}
	EndGlobalSection
EndGlobal
