
Microsoft Visual Studio Solution File, Format Version 12.00
# Visual Studio Version 16
VisualStudioVersion = 16.0.29806.167
MinimumVisualStudioVersion = 10.0.40219.1
Project("{8BC9CEB8-8B4A-11D0-8D11-00A0C91BC942}") = "Lab1_C++", "Lab1_C++\Lab1.vcxproj", "{322D70A8-AE14-428C-B980-A4643E18C5BB}"
EndProject
Project("{FAE04EC0-301F-11D3-BF4B-00C04F79EFBC}") = "Lab1_CS", "Lab1_CS\Lab1_CS.csproj", "{F2643D73-C5D6-46E5-BCC4-730B2F0D62FE}"
EndProject
Global
	GlobalSection(SolutionConfigurationPlatforms) = preSolution
		Debug|Any CPU = Debug|Any CPU
		Debug|x64 = Debug|x64
		Debug|x86 = Debug|x86
		Release|Any CPU = Release|Any CPU
		Release|x64 = Release|x64
		Release|x86 = Release|x86
	EndGlobalSection
	GlobalSection(ProjectConfigurationPlatforms) = postSolution
		{322D70A8-AE14-428C-B980-A4643E18C5BB}.Debug|Any CPU.ActiveCfg = Debug|Win32
		{322D70A8-AE14-428C-B980-A4643E18C5BB}.Debug|x64.ActiveCfg = Debug|x64
		{322D70A8-AE14-428C-B980-A4643E18C5BB}.Debug|x64.Build.0 = Debug|x64
		{322D70A8-AE14-428C-B980-A4643E18C5BB}.Debug|x86.ActiveCfg = Debug|Win32
		{322D70A8-AE14-428C-B980-A4643E18C5BB}.Debug|x86.Build.0 = Debug|Win32
		{322D70A8-AE14-428C-B980-A4643E18C5BB}.Release|Any CPU.ActiveCfg = Release|Win32
		{322D70A8-AE14-428C-B980-A4643E18C5BB}.Release|x64.ActiveCfg = Release|x64
		{322D70A8-AE14-428C-B980-A4643E18C5BB}.Release|x64.Build.0 = Release|x64
		{322D70A8-AE14-428C-B980-A4643E18C5BB}.Release|x86.ActiveCfg = Release|Win32
		{322D70A8-AE14-428C-B980-A4643E18C5BB}.Release|x86.Build.0 = Release|Win32
		{F2643D73-C5D6-46E5-BCC4-730B2F0D62FE}.Debug|Any CPU.ActiveCfg = Debug|Any CPU
		{F2643D73-C5D6-46E5-BCC4-730B2F0D62FE}.Debug|Any CPU.Build.0 = Debug|Any CPU
		{F2643D73-C5D6-46E5-BCC4-730B2F0D62FE}.Debug|x64.ActiveCfg = Debug|Any CPU
		{F2643D73-C5D6-46E5-BCC4-730B2F0D62FE}.Debug|x64.Build.0 = Debug|Any CPU
		{F2643D73-C5D6-46E5-BCC4-730B2F0D62FE}.Debug|x86.ActiveCfg = Debug|Any CPU
		{F2643D73-C5D6-46E5-BCC4-730B2F0D62FE}.Debug|x86.Build.0 = Debug|Any CPU
		{F2643D73-C5D6-46E5-BCC4-730B2F0D62FE}.Release|Any CPU.ActiveCfg = Release|Any CPU
		{F2643D73-C5D6-46E5-BCC4-730B2F0D62FE}.Release|Any CPU.Build.0 = Release|Any CPU
		{F2643D73-C5D6-46E5-BCC4-730B2F0D62FE}.Release|x64.ActiveCfg = Release|Any CPU
		{F2643D73-C5D6-46E5-BCC4-730B2F0D62FE}.Release|x64.Build.0 = Release|Any CPU
		{F2643D73-C5D6-46E5-BCC4-730B2F0D62FE}.Release|x86.ActiveCfg = Release|Any CPU
		{F2643D73-C5D6-46E5-BCC4-730B2F0D62FE}.Release|x86.Build.0 = Release|Any CPU
	EndGlobalSection
	GlobalSection(SolutionProperties) = preSolution
		HideSolutionNode = FALSE
	EndGlobalSection
	GlobalSection(ExtensibilityGlobals) = postSolution
		SolutionGuid = {BD2F1F20-632A-407A-AF02-A31FE48E1F22}
	EndGlobalSection
EndGlobal
